
Microsoft Visual Studio Solution File, Format Version 12.00
# Visual Studio Version 17
VisualStudioVersion = 17.4.33213.308
MinimumVisualStudioVersion = 10.0.40219.1
Project("{FAE04EC0-301F-11D3-BF4B-00C04F79EFBC}") = "LuxuriousMansion", "LuxuriousMansion\LuxuriousMansion.csproj", "{ED32401B-E84F-4FFB-BF86-DDA8099115E1}"
EndProject
Global
	GlobalSection(SolutionConfigurationPlatforms) = preSolution
		Debug|Any CPU = Debug|Any CPU
		Release|Any CPU = Release|Any CPU
	EndGlobalSection
	GlobalSection(ProjectConfigurationPlatforms) = postSolution
		{ED32401B-E84F-4FFB-BF86-DDA8099115E1}.Debug|Any CPU.ActiveCfg = Debug|Any CPU
		{ED32401B-E84F-4FFB-BF86-DDA8099115E1}.Debug|Any CPU.Build.0 = Debug|Any CPU
		{ED32401B-E84F-4FFB-BF86-DDA8099115E1}.Release|Any CPU.ActiveCfg = Release|Any CPU
		{ED32401B-E84F-4FFB-BF86-DDA8099115E1}.Release|Any CPU.Build.0 = Release|Any CPU
	EndGlobalSection
	GlobalSection(SolutionProperties) = preSolution
		HideSolutionNode = FALSE
	EndGlobalSection
	GlobalSection(ExtensibilityGlobals) = postSolution
		SolutionGuid = {9524CD29-5ADD-4C3C-97C7-073C11D60FE4}
	EndGlobalSection
EndGlobal
